PODS:
  - CFAlertViewController (3.1)
  - CollectionViewWaterfallLayout (0.5.0)
  - DatePickerDialog (3.0)
  - NewPopMenu (2.1.2)
  - SwipeCellKit (2.7.1)

DEPENDENCIES:
  - CFAlertViewController
  - CollectionViewWaterfallLayout
  - DatePickerDialog
  - NewPopMenu
  - SwipeCellKit

SPEC REPOS:
  trunk:
    - CFAlertViewController
    - CollectionViewWaterfallLayout
    - DatePickerDialog
    - NewPopMenu
    - SwipeCellKit

SPEC CHECKSUMS:
  CFAlertViewController: a27cf0512d0fa9ef6a3b966862039c295fb0ef69
  CollectionViewWaterfallLayout: 4399ba01be265fff4da1ed1d607130fe009780e4
  DatePickerDialog: 03dbb8350bfa80302ab2a8c83cee1fec70184444
  NewPopMenu: c6129e08e8192f6257ceb5f9a4357e1b59c6e2e7
  SwipeCellKit: 3972254a826da74609926daf59b08d6c72e619ea

PODFILE CHECKSUM: 44b03781b9fea054d3d0f22186db8b8e5fa0b018

COCOAPODS: 1.9.3
